
Microsoft Visual Studio Solution File, Format Version 12.00
# Visual Studio Version 17
VisualStudioVersion = 17.14.36221.1 d17.14
MinimumVisualStudioVersion = 10.0.40219.1
Project("{FAE04EC0-301F-11D3-BF4B-00C04F79EFBC}") = "snake-game", "snake-game\snake-game.csproj", "{56688CE6-69B3-4812-86B1-DED20FF7ED26}"
EndProject
Global
	GlobalSection(SolutionConfigurationPlatforms) = preSolution
		Debug|Any CPU = Debug|Any CPU
		Release|Any CPU = Release|Any CPU
	EndGlobalSection
	GlobalSection(ProjectConfigurationPlatforms) = postSolution
		{56688CE6-69B3-4812-86B1-DED20FF7ED26}.Debug|Any CPU.ActiveCfg = Debug|Any CPU
		{56688CE6-69B3-4812-86B1-DED20FF7ED26}.Debug|Any CPU.Build.0 = Debug|Any CPU
		{56688CE6-69B3-4812-86B1-DED20FF7ED26}.Release|Any CPU.ActiveCfg = Release|Any CPU
		{56688CE6-69B3-4812-86B1-DED20FF7ED26}.Release|Any CPU.Build.0 = Release|Any CPU
	EndGlobalSection
	GlobalSection(SolutionProperties) = preSolution
		HideSolutionNode = FALSE
	EndGlobalSection
	GlobalSection(ExtensibilityGlobals) = postSolution
		SolutionGuid = {4A748C4F-E378-4BA4-9D4C-73B8E84D547C}
	EndGlobalSection
EndGlobal
